
Microsoft Visual Studio Solution File, Format Version 12.00
# Visual Studio 15
VisualStudioVersion = 15.0.28307.1927
MinimumVisualStudioVersion = 10.0.40219.1
Project("{FAE04EC0-301F-11D3-BF4B-00C04F79EFBC}") = "Phần mềm quản lý cửa hàng xe máy", "Phần mềm quản lý cửa hàng xe máy\Phần mềm quản lý cửa hàng xe máy.csproj", "{393A2AD4-BD8F-4BB0-97BE-D2E1D5EB75BA}"
EndProject
Project("{54435603-DBB4-11D2-8724-00A0C9A8B90C}") = "Setup1", "Setup1\Setup1.vdproj", "{728C06B9-4A41-410C-BCD3-ED410BD3F747}"
EndProject
Project("{54435603-DBB4-11D2-8724-00A0C9A8B90C}") = "Setup2", "Setup2\Setup2.vdproj", "{420BBB24-0C4C-469D-B13C-23B0DED8E411}"
EndProject
Global
	GlobalSection(SolutionConfigurationPlatforms) = preSolution
		Debug|Any CPU = Debug|Any CPU
		Release|Any CPU = Release|Any CPU
	EndGlobalSection
	GlobalSection(ProjectConfigurationPlatforms) = postSolution
		{393A2AD4-BD8F-4BB0-97BE-D2E1D5EB75BA}.Debug|Any CPU.ActiveCfg = Debug|Any CPU
		{393A2AD4-BD8F-4BB0-97BE-D2E1D5EB75BA}.Debug|Any CPU.Build.0 = Debug|Any CPU
		{393A2AD4-BD8F-4BB0-97BE-D2E1D5EB75BA}.Release|Any CPU.ActiveCfg = Release|Any CPU
		{393A2AD4-BD8F-4BB0-97BE-D2E1D5EB75BA}.Release|Any CPU.Build.0 = Release|Any CPU
		{728C06B9-4A41-410C-BCD3-ED410BD3F747}.Debug|Any CPU.ActiveCfg = Debug
		{728C06B9-4A41-410C-BCD3-ED410BD3F747}.Release|Any CPU.ActiveCfg = Release
		{420BBB24-0C4C-469D-B13C-23B0DED8E411}.Debug|Any CPU.ActiveCfg = Debug
		{420BBB24-0C4C-469D-B13C-23B0DED8E411}.Release|Any CPU.ActiveCfg = Release
	EndGlobalSection
	GlobalSection(SolutionProperties) = preSolution
		HideSolutionNode = FALSE
	EndGlobalSection
	GlobalSection(ExtensibilityGlobals) = postSolution
		SolutionGuid = {0BB5E1BB-E1A1-4AAF-9A8D-A5D6ECC470D0}
	EndGlobalSection
EndGlobal
